{
  "requires": true,
  "lockfileVersion": 1,
  "dependencies": {
    "@mdi/font": {
      "version": "5.4.55",
      "resolved": "https://registry.npmjs.org/@mdi/font/-/font-5.4.55.tgz",
      "integrity": "sha512-M+Wdcs4nZ4/Kid949fcI0DsnvHtpE6pwk6Hv8YJZDp+Zne7ZtYdIN0z73cvcANkbyNnY3ncScULGMIceNd0xxQ=="
    },
    "bootstrap": {
      "version": "4.5.0",
      "resolved": "https://registry.npmjs.org/bootstrap/-/bootstrap-4.5.0.tgz",
      "integrity": "sha512-Z93QoXvodoVslA+PWNdk23Hze4RBYIkpb5h8I2HY2Tu2h7A0LpAgLcyrhrSUyo2/Oxm2l1fRZPs1e5hnxnliXA=="
    },
    "compass-mixins": {
      "version": "0.12.10",
      "resolved": "https://registry.npmjs.org/compass-mixins/-/compass-mixins-0.12.10.tgz",
      "integrity": "sha1-zZ8V+CnE6WDMQ7sibwSbKL65nUE="
    }
  }
}
